
Microsoft Visual Studio Solution File, Format Version 12.00
Project("{FAE04EC0-301F-11D3-BF4B-00C04F79EFBC}") = "_760_Find_Anagram_Mappings", "_760_Find_Anagram_Mappings\_760_Find_Anagram_Mappings.csproj", "{B882C968-17F1-4869-9A74-358B7AF41ADE}"
EndProject
Project("{FAE04EC0-301F-11D3-BF4B-00C04F79EFBC}") = "_654_Maximum_Binary_Tree", "_654_Maximum_Binary_Tree\_654_Maximum_Binary_Tree.csproj", "{C10FE130-7E1C-446C-8866-6EAB1574952E}"
EndProject
Project("{FAE04EC0-301F-11D3-BF4B-00C04F79EFBC}") = "_461__Hamming_Distance", "_461__Hamming_Distance\_461__Hamming_Distance.csproj", "{FBAB0239-5334-4671-B2FE-9864ECA35C31}"
EndProject
Project("{FAE04EC0-301F-11D3-BF4B-00C04F79EFBC}") = "_657__Judge_Route_Circle", "_657__Judge_Route_Circle\_657__Judge_Route_Circle.csproj", "{1A6BACD0-1305-4D12-A957-EF3F204255AB}"
EndProject
Project("{FAE04EC0-301F-11D3-BF4B-00C04F79EFBC}") = "_617__Merge_Two_Binary_Trees", "_617__Merge_Two_Binary_Trees\_617__Merge_Two_Binary_Trees.csproj", "{862EBAD1-1F1E-4A0B-BE89-C0E8330AB6BF}"
EndProject
Project("{FAE04EC0-301F-11D3-BF4B-00C04F79EFBC}") = "_728__Self_Dividing_Numbers", "_728__Self_Dividing_Numbers\_728__Self_Dividing_Numbers.csproj", "{628537DE-0D9F-42D9-A134-1921BB0C2755}"
EndProject
Project("{FAE04EC0-301F-11D3-BF4B-00C04F79EFBC}") = "_561__Array_Partition_I", "_561__Array_Partition_I\_561__Array_Partition_I.csproj", "{094CC548-8429-4658-85D7-BC2DA38C2EAE}"
EndProject
Project("{FAE04EC0-301F-11D3-BF4B-00C04F79EFBC}") = "_763__Partition_Labels", "_763__Partition_Labels\_763__Partition_Labels.csproj", "{106D9288-6568-4218-BC3F-2A629934D186}"
EndProject
Project("{FAE04EC0-301F-11D3-BF4B-00C04F79EFBC}") = "_791__Custom Sort String", "_791__Custom Sort String\_791__Custom Sort String.csproj", "{A620E1B8-9870-48C8-B2F1-77800B0B0BA1}"
EndProject
Project("{FAE04EC0-301F-11D3-BF4B-00C04F79EFBC}") = "命名小工具", "命名小工具\命名小工具.csproj", "{EA68014B-49A9-4813-9E04-1F4547AB070A}"
EndProject
Project("{FAE04EC0-301F-11D3-BF4B-00C04F79EFBC}") = "_537__Complex_Number_Multiplication", "_537__Complex_Number_Multiplication\_537__Complex_Number_Multiplication.csproj", "{C72ACB61-D72F-4CC2-AF8A-E25693D1622F}"
EndProject
Project("{FAE04EC0-301F-11D3-BF4B-00C04F79EFBC}") = "_771__Jewels_and_Stones", "_771__Jewels_and_Stones\_771__Jewels_and_Stones.csproj", "{E03029B1-72C1-44E5-9D98-30C6F2407463}"
EndProject
Project("{FAE04EC0-301F-11D3-BF4B-00C04F79EFBC}") = "_476__Number_Complement", "_476__Number_Complement\_476__Number_Complement.csproj", "{9D609EA2-7E64-4564-897D-D2A8BD4173CE}"
EndProject
Project("{FAE04EC0-301F-11D3-BF4B-00C04F79EFBC}") = "_344__Reverse_String", "_344__Reverse_String\_344__Reverse_String.csproj", "{9B8D976D-5346-4D98-8665-583B90458BC7}"
EndProject
Project("{FAE04EC0-301F-11D3-BF4B-00C04F79EFBC}") = "_557__Reverse_Words_in_a_String_III", "_557__Reverse_Words_in_a_String_III\_557__Reverse_Words_in_a_String_III.csproj", "{200769AD-0837-424A-A2E1-46BCBC4AF319}"
EndProject
Project("{FAE04EC0-301F-11D3-BF4B-00C04F79EFBC}") = "_500__Keyboard_Row", "_500__Keyboard_Row\_500__Keyboard_Row.csproj", "{DDC5ADE8-76DD-42DF-BB5F-F2B9B96DD71C}"
EndProject
Project("{FAE04EC0-301F-11D3-BF4B-00C04F79EFBC}") = "_412__Fizz_Buzz", "_412__Fizz_Buzz\_412__Fizz_Buzz.csproj", "{B169F017-5EC9-478B-AEF4-5B9B0528A562}"
EndProject
Project("{FAE04EC0-301F-11D3-BF4B-00C04F79EFBC}") = "_682__Baseball_Game", "_682__Baseball_Game\_682__Baseball_Game.csproj", "{EAE938C8-A99F-4992-8AC6-079913CA3505}"
EndProject
Project("{FAE04EC0-301F-11D3-BF4B-00C04F79EFBC}") = "_575__Distribute_Candies", "_575__Distribute_Candies\_575__Distribute_Candies.csproj", "{6EA4F1A3-46BC-4E35-82E4-9857057B3EC0}"
EndProject
Project("{FAE04EC0-301F-11D3-BF4B-00C04F79EFBC}") = "_463__Island_Perimeter", "_463__Island_Perimeter\_463__Island_Perimeter.csproj", "{D8377526-BDFC-4461-A78C-CB3E54DD6777}"
EndProject
Project("{FAE04EC0-301F-11D3-BF4B-00C04F79EFBC}") = "_442__Find_All_Duplicates_in_an_Array", "_442__Find_All_Duplicates_in_an_Array\_442__Find_All_Duplicates_in_an_Array.csproj", "{0FCD549D-B93F-45EE-935F-87C82C7DD782}"
EndProject
Project("{FAE04EC0-301F-11D3-BF4B-00C04F79EFBC}") = "_406__Queue_Reconstruction_by_Height", "_406__Queue_Reconstruction_by_Height\_406__Queue_Reconstruction_by_Height.csproj", "{FC57B916-B858-4BE3-8082-D81BF3B05B60}"
EndProject
Project("{FAE04EC0-301F-11D3-BF4B-00C04F79EFBC}") = "_496__Next_Greater_Element_I", "_496__Next_Greater_Element_I\_496__Next_Greater_Element_I.csproj", "{017927A0-D09E-4582-9353-B88BCA41EBB6}"
EndProject
Project("{FAE04EC0-301F-11D3-BF4B-00C04F79EFBC}") = "_540__Single_Element_in_a_Sorted_Array", "_540__Single_Element_in_a_Sorted_Array\_540__Single_Element_in_a_Sorted_Array.csproj", "{1E284D65-FD9D-4681-9ED0-A931A0B2642A}"
EndProject
Project("{FAE04EC0-301F-11D3-BF4B-00C04F79EFBC}") = "_521__Longest_Uncommon_Subsequence_I", "_521__Longest_Uncommon_Subsequence_I\_521__Longest_Uncommon_Subsequence_I.csproj", "{DD9C3829-03D4-4CF0-A965-23E63BB8A63C}"
EndProject
Project("{FAE04EC0-301F-11D3-BF4B-00C04F79EFBC}") = "_693__Binary_Number_with_Alternating_Bits", "_693__Binary_Number_with_Alternating_Bits\_693__Binary_Number_with_Alternating_Bits.csproj", "{245A703B-134C-485B-8435-B037A0CA212B}"
EndProject
Project("{FAE04EC0-301F-11D3-BF4B-00C04F79EFBC}") = "_292__Nim_Game", "_292__Nim_Game\_292__Nim_Game.csproj", "{4768ACD6-F259-417B-BE95-DF6E3BC8EA5D}"
EndProject
Project("{FAE04EC0-301F-11D3-BF4B-00C04F79EFBC}") = "_136__Single_Number", "_136__Single_Number\_136__Single_Number.csproj", "{71F185B5-3F2A-4373-82BB-516BA3ADD890}"
EndProject
Project("{FAE04EC0-301F-11D3-BF4B-00C04F79EFBC}") = "_553__Optimal_Division", "_553__Optimal_Division\_553__Optimal_Division.csproj", "{1746E88A-C1E3-4611-8BEB-010C1595FF29}"
EndProject
Project("{FAE04EC0-301F-11D3-BF4B-00C04F79EFBC}") = "_647__Palindromic_Substrings", "_647__Palindromic_Substrings\_647__Palindromic_Substrings.csproj", "{98DBF0B7-3934-4E5F-B83F-575F3CECB225}"
EndProject
Project("{FAE04EC0-301F-11D3-BF4B-00C04F79EFBC}") = "_104__Maximum_Depth_of_Binary_Tree", "_104__Maximum_Depth_of_Binary_Tree\_104__Maximum_Depth_of_Binary_Tree.csproj", "{0E503A48-C93F-4F45-92E2-48FCCED9C274}"
EndProject
Project("{FAE04EC0-301F-11D3-BF4B-00C04F79EFBC}") = "_485__Max_Consecutive_Ones", "_485__Max_Consecutive_Ones\_485__Max_Consecutive_Ones.csproj", "{B21DC3EE-2B22-4546-920B-9D440D0161E1}"
EndProject
Project("{FAE04EC0-301F-11D3-BF4B-00C04F79EFBC}") = "_784__Letter_Case_Permutation", "_784__Letter_Case_Permutation\_784__Letter_Case_Permutation.csproj", "{CEFA6C5F-07D8-4988-9137-8166AAE8A59A}"
EndProject
Project("{FAE04EC0-301F-11D3-BF4B-00C04F79EFBC}") = "_226__Invert_Binary_Tree", "_226__Invert_Binary_Tree\_226__Invert_Binary_Tree.csproj", "{E14F3076-7E19-4FAE-9B8B-6B07C970F011}"
EndProject
Project("{FAE04EC0-301F-11D3-BF4B-00C04F79EFBC}") = "_520__Detect_Capital", "_520__Detect_Capital\_520__Detect_Capital.csproj", "{DCA593F6-ADDF-4C32-BB51-F570995BAD50}"
EndProject
Project("{FAE04EC0-301F-11D3-BF4B-00C04F79EFBC}") = "_258__Add_Digits", "_258__Add_Digits\_258__Add_Digits.csproj", "{49ADD5D0-9939-4928-983E-34FC4442496C}"
EndProject
Project("{FAE04EC0-301F-11D3-BF4B-00C04F79EFBC}") = "_807__Max_Increase_to_Keep_City_Skyline", "_807__Max_Increase_to_Keep_City_Skyline\_807__Max_Increase_to_Keep_City_Skyline.csproj", "{E928ADB3-3B73-4EBA-8FC6-92398BEC69F1}"
EndProject
Project("{FAE04EC0-301F-11D3-BF4B-00C04F79EFBC}") = "_804__Unique_Morse_Code_Words", "_804__Unique_Morse_Code_Words\_804__Unique_Morse_Code_Words.csproj", "{5B9821AC-2704-430F-BB84-056FAFAB1694}"
EndProject
Project("{FAE04EC0-301F-11D3-BF4B-00C04F79EFBC}") = "王佳敏_练习01", "王佳敏_练习01\王佳敏_练习01.csproj", "{47837C20-7CAD-4FDA-9F66-C0F42B296E58}"
EndProject
Project("{FAE04EC0-301F-11D3-BF4B-00C04F79EFBC}") = "TestInBook", "TestInBook\TestInBook.csproj", "{B2001FDB-C314-462C-A467-929B01D59BCD}"
EndProject
Global
	GlobalSection(SolutionConfigurationPlatforms) = preSolution
		Debug|Any CPU = Debug|Any CPU
		Release|Any CPU = Release|Any CPU
	EndGlobalSection
	GlobalSection(ProjectConfigurationPlatforms) = postSolution
		{B882C968-17F1-4869-9A74-358B7AF41ADE}.Debug|Any CPU.ActiveCfg = Debug|Any CPU
		{B882C968-17F1-4869-9A74-358B7AF41ADE}.Debug|Any CPU.Build.0 = Debug|Any CPU
		{B882C968-17F1-4869-9A74-358B7AF41ADE}.Release|Any CPU.ActiveCfg = Release|Any CPU
		{B882C968-17F1-4869-9A74-358B7AF41ADE}.Release|Any CPU.Build.0 = Release|Any CPU
		{C10FE130-7E1C-446C-8866-6EAB1574952E}.Debug|Any CPU.ActiveCfg = Debug|Any CPU
		{C10FE130-7E1C-446C-8866-6EAB1574952E}.Debug|Any CPU.Build.0 = Debug|Any CPU
		{C10FE130-7E1C-446C-8866-6EAB1574952E}.Release|Any CPU.ActiveCfg = Release|Any CPU
		{C10FE130-7E1C-446C-8866-6EAB1574952E}.Release|Any CPU.Build.0 = Release|Any CPU
		{FBAB0239-5334-4671-B2FE-9864ECA35C31}.Debug|Any CPU.ActiveCfg = Debug|Any CPU
		{FBAB0239-5334-4671-B2FE-9864ECA35C31}.Debug|Any CPU.Build.0 = Debug|Any CPU
		{FBAB0239-5334-4671-B2FE-9864ECA35C31}.Release|Any CPU.ActiveCfg = Release|Any CPU
		{FBAB0239-5334-4671-B2FE-9864ECA35C31}.Release|Any CPU.Build.0 = Release|Any CPU
		{1A6BACD0-1305-4D12-A957-EF3F204255AB}.Debug|Any CPU.ActiveCfg = Debug|Any CPU
		{1A6BACD0-1305-4D12-A957-EF3F204255AB}.Debug|Any CPU.Build.0 = Debug|Any CPU
		{1A6BACD0-1305-4D12-A957-EF3F204255AB}.Release|Any CPU.ActiveCfg = Release|Any CPU
		{1A6BACD0-1305-4D12-A957-EF3F204255AB}.Release|Any CPU.Build.0 = Release|Any CPU
		{862EBAD1-1F1E-4A0B-BE89-C0E8330AB6BF}.Debug|Any CPU.ActiveCfg = Debug|Any CPU
		{862EBAD1-1F1E-4A0B-BE89-C0E8330AB6BF}.Debug|Any CPU.Build.0 = Debug|Any CPU
		{862EBAD1-1F1E-4A0B-BE89-C0E8330AB6BF}.Release|Any CPU.ActiveCfg = Release|Any CPU
		{862EBAD1-1F1E-4A0B-BE89-C0E8330AB6BF}.Release|Any CPU.Build.0 = Release|Any CPU
		{628537DE-0D9F-42D9-A134-1921BB0C2755}.Debug|Any CPU.ActiveCfg = Debug|Any CPU
		{628537DE-0D9F-42D9-A134-1921BB0C2755}.Debug|Any CPU.Build.0 = Debug|Any CPU
		{628537DE-0D9F-42D9-A134-1921BB0C2755}.Release|Any CPU.ActiveCfg = Release|Any CPU
		{628537DE-0D9F-42D9-A134-1921BB0C2755}.Release|Any CPU.Build.0 = Release|Any CPU
		{094CC548-8429-4658-85D7-BC2DA38C2EAE}.Debug|Any CPU.ActiveCfg = Debug|Any CPU
		{094CC548-8429-4658-85D7-BC2DA38C2EAE}.Debug|Any CPU.Build.0 = Debug|Any CPU
		{094CC548-8429-4658-85D7-BC2DA38C2EAE}.Release|Any CPU.ActiveCfg = Release|Any CPU
		{094CC548-8429-4658-85D7-BC2DA38C2EAE}.Release|Any CPU.Build.0 = Release|Any CPU
		{106D9288-6568-4218-BC3F-2A629934D186}.Debug|Any CPU.ActiveCfg = Debug|Any CPU
		{106D9288-6568-4218-BC3F-2A629934D186}.Debug|Any CPU.Build.0 = Debug|Any CPU
		{106D9288-6568-4218-BC3F-2A629934D186}.Release|Any CPU.ActiveCfg = Release|Any CPU
		{106D9288-6568-4218-BC3F-2A629934D186}.Release|Any CPU.Build.0 = Release|Any CPU
		{A620E1B8-9870-48C8-B2F1-77800B0B0BA1}.Debug|Any CPU.ActiveCfg = Debug|Any CPU
		{A620E1B8-9870-48C8-B2F1-77800B0B0BA1}.Debug|Any CPU.Build.0 = Debug|Any CPU
		{A620E1B8-9870-48C8-B2F1-77800B0B0BA1}.Release|Any CPU.ActiveCfg = Release|Any CPU
		{A620E1B8-9870-48C8-B2F1-77800B0B0BA1}.Release|Any CPU.Build.0 = Release|Any CPU
		{EA68014B-49A9-4813-9E04-1F4547AB070A}.Debug|Any CPU.ActiveCfg = Debug|Any CPU
		{EA68014B-49A9-4813-9E04-1F4547AB070A}.Debug|Any CPU.Build.0 = Debug|Any CPU
		{EA68014B-49A9-4813-9E04-1F4547AB070A}.Release|Any CPU.ActiveCfg = Release|Any CPU
		{EA68014B-49A9-4813-9E04-1F4547AB070A}.Release|Any CPU.Build.0 = Release|Any CPU
		{C72ACB61-D72F-4CC2-AF8A-E25693D1622F}.Debug|Any CPU.ActiveCfg = Debug|Any CPU
		{C72ACB61-D72F-4CC2-AF8A-E25693D1622F}.Debug|Any CPU.Build.0 = Debug|Any CPU
		{C72ACB61-D72F-4CC2-AF8A-E25693D1622F}.Release|Any CPU.ActiveCfg = Release|Any CPU
		{C72ACB61-D72F-4CC2-AF8A-E25693D1622F}.Release|Any CPU.Build.0 = Release|Any CPU
		{E03029B1-72C1-44E5-9D98-30C6F2407463}.Debug|Any CPU.ActiveCfg = Debug|Any CPU
		{E03029B1-72C1-44E5-9D98-30C6F2407463}.Debug|Any CPU.Build.0 = Debug|Any CPU
		{E03029B1-72C1-44E5-9D98-30C6F2407463}.Release|Any CPU.ActiveCfg = Release|Any CPU
		{E03029B1-72C1-44E5-9D98-30C6F2407463}.Release|Any CPU.Build.0 = Release|Any CPU
		{9D609EA2-7E64-4564-897D-D2A8BD4173CE}.Debug|Any CPU.ActiveCfg = Debug|Any CPU
		{9D609EA2-7E64-4564-897D-D2A8BD4173CE}.Debug|Any CPU.Build.0 = Debug|Any CPU
		{9D609EA2-7E64-4564-897D-D2A8BD4173CE}.Release|Any CPU.ActiveCfg = Release|Any CPU
		{9D609EA2-7E64-4564-897D-D2A8BD4173CE}.Release|Any CPU.Build.0 = Release|Any CPU
		{9B8D976D-5346-4D98-8665-583B90458BC7}.Debug|Any CPU.ActiveCfg = Debug|Any CPU
		{9B8D976D-5346-4D98-8665-583B90458BC7}.Debug|Any CPU.Build.0 = Debug|Any CPU
		{9B8D976D-5346-4D98-8665-583B90458BC7}.Release|Any CPU.ActiveCfg = Release|Any CPU
		{9B8D976D-5346-4D98-8665-583B90458BC7}.Release|Any CPU.Build.0 = Release|Any CPU
		{200769AD-0837-424A-A2E1-46BCBC4AF319}.Debug|Any CPU.ActiveCfg = Debug|Any CPU
		{200769AD-0837-424A-A2E1-46BCBC4AF319}.Debug|Any CPU.Build.0 = Debug|Any CPU
		{200769AD-0837-424A-A2E1-46BCBC4AF319}.Release|Any CPU.ActiveCfg = Release|Any CPU
		{200769AD-0837-424A-A2E1-46BCBC4AF319}.Release|Any CPU.Build.0 = Release|Any CPU
		{DDC5ADE8-76DD-42DF-BB5F-F2B9B96DD71C}.Debug|Any CPU.ActiveCfg = Debug|Any CPU
		{DDC5ADE8-76DD-42DF-BB5F-F2B9B96DD71C}.Debug|Any CPU.Build.0 = Debug|Any CPU
		{DDC5ADE8-76DD-42DF-BB5F-F2B9B96DD71C}.Release|Any CPU.ActiveCfg = Release|Any CPU
		{DDC5ADE8-76DD-42DF-BB5F-F2B9B96DD71C}.Release|Any CPU.Build.0 = Release|Any CPU
		{B169F017-5EC9-478B-AEF4-5B9B0528A562}.Debug|Any CPU.ActiveCfg = Debug|Any CPU
		{B169F017-5EC9-478B-AEF4-5B9B0528A562}.Debug|Any CPU.Build.0 = Debug|Any CPU
		{B169F017-5EC9-478B-AEF4-5B9B0528A562}.Release|Any CPU.ActiveCfg = Release|Any CPU
		{B169F017-5EC9-478B-AEF4-5B9B0528A562}.Release|Any CPU.Build.0 = Release|Any CPU
		{EAE938C8-A99F-4992-8AC6-079913CA3505}.Debug|Any CPU.ActiveCfg = Debug|Any CPU
		{EAE938C8-A99F-4992-8AC6-079913CA3505}.Debug|Any CPU.Build.0 = Debug|Any CPU
		{EAE938C8-A99F-4992-8AC6-079913CA3505}.Release|Any CPU.ActiveCfg = Release|Any CPU
		{EAE938C8-A99F-4992-8AC6-079913CA3505}.Release|Any CPU.Build.0 = Release|Any CPU
		{6EA4F1A3-46BC-4E35-82E4-9857057B3EC0}.Debug|Any CPU.ActiveCfg = Debug|Any CPU
		{6EA4F1A3-46BC-4E35-82E4-9857057B3EC0}.Debug|Any CPU.Build.0 = Debug|Any CPU
		{6EA4F1A3-46BC-4E35-82E4-9857057B3EC0}.Release|Any CPU.ActiveCfg = Release|Any CPU
		{6EA4F1A3-46BC-4E35-82E4-9857057B3EC0}.Release|Any CPU.Build.0 = Release|Any CPU
		{D8377526-BDFC-4461-A78C-CB3E54DD6777}.Debug|Any CPU.ActiveCfg = Debug|Any CPU
		{D8377526-BDFC-4461-A78C-CB3E54DD6777}.Debug|Any CPU.Build.0 = Debug|Any CPU
		{D8377526-BDFC-4461-A78C-CB3E54DD6777}.Release|Any CPU.ActiveCfg = Release|Any CPU
		{D8377526-BDFC-4461-A78C-CB3E54DD6777}.Release|Any CPU.Build.0 = Release|Any CPU
		{0FCD549D-B93F-45EE-935F-87C82C7DD782}.Debug|Any CPU.ActiveCfg = Debug|Any CPU
		{0FCD549D-B93F-45EE-935F-87C82C7DD782}.Debug|Any CPU.Build.0 = Debug|Any CPU
		{0FCD549D-B93F-45EE-935F-87C82C7DD782}.Release|Any CPU.ActiveCfg = Release|Any CPU
		{0FCD549D-B93F-45EE-935F-87C82C7DD782}.Release|Any CPU.Build.0 = Release|Any CPU
		{FC57B916-B858-4BE3-8082-D81BF3B05B60}.Debug|Any CPU.ActiveCfg = Debug|Any CPU
		{FC57B916-B858-4BE3-8082-D81BF3B05B60}.Debug|Any CPU.Build.0 = Debug|Any CPU
		{FC57B916-B858-4BE3-8082-D81BF3B05B60}.Release|Any CPU.ActiveCfg = Release|Any CPU
		{FC57B916-B858-4BE3-8082-D81BF3B05B60}.Release|Any CPU.Build.0 = Release|Any CPU
		{017927A0-D09E-4582-9353-B88BCA41EBB6}.Debug|Any CPU.ActiveCfg = Debug|Any CPU
		{017927A0-D09E-4582-9353-B88BCA41EBB6}.Debug|Any CPU.Build.0 = Debug|Any CPU
		{017927A0-D09E-4582-9353-B88BCA41EBB6}.Release|Any CPU.ActiveCfg = Release|Any CPU
		{017927A0-D09E-4582-9353-B88BCA41EBB6}.Release|Any CPU.Build.0 = Release|Any CPU
		{1E284D65-FD9D-4681-9ED0-A931A0B2642A}.Debug|Any CPU.ActiveCfg = Debug|Any CPU
		{1E284D65-FD9D-4681-9ED0-A931A0B2642A}.Debug|Any CPU.Build.0 = Debug|Any CPU
		{1E284D65-FD9D-4681-9ED0-A931A0B2642A}.Release|Any CPU.ActiveCfg = Release|Any CPU
		{1E284D65-FD9D-4681-9ED0-A931A0B2642A}.Release|Any CPU.Build.0 = Release|Any CPU
		{DD9C3829-03D4-4CF0-A965-23E63BB8A63C}.Debug|Any CPU.ActiveCfg = Debug|Any CPU
		{DD9C3829-03D4-4CF0-A965-23E63BB8A63C}.Debug|Any CPU.Build.0 = Debug|Any CPU
		{DD9C3829-03D4-4CF0-A965-23E63BB8A63C}.Release|Any CPU.ActiveCfg = Release|Any CPU
		{DD9C3829-03D4-4CF0-A965-23E63BB8A63C}.Release|Any CPU.Build.0 = Release|Any CPU
		{245A703B-134C-485B-8435-B037A0CA212B}.Debug|Any CPU.ActiveCfg = Debug|Any CPU
		{245A703B-134C-485B-8435-B037A0CA212B}.Debug|Any CPU.Build.0 = Debug|Any CPU
		{245A703B-134C-485B-8435-B037A0CA212B}.Release|Any CPU.ActiveCfg = Release|Any CPU
		{245A703B-134C-485B-8435-B037A0CA212B}.Release|Any CPU.Build.0 = Release|Any CPU
		{4768ACD6-F259-417B-BE95-DF6E3BC8EA5D}.Debug|Any CPU.ActiveCfg = Debug|Any CPU
		{4768ACD6-F259-417B-BE95-DF6E3BC8EA5D}.Debug|Any CPU.Build.0 = Debug|Any CPU
		{4768ACD6-F259-417B-BE95-DF6E3BC8EA5D}.Release|Any CPU.ActiveCfg = Release|Any CPU
		{4768ACD6-F259-417B-BE95-DF6E3BC8EA5D}.Release|Any CPU.Build.0 = Release|Any CPU
		{71F185B5-3F2A-4373-82BB-516BA3ADD890}.Debug|Any CPU.ActiveCfg = Debug|Any CPU
		{71F185B5-3F2A-4373-82BB-516BA3ADD890}.Debug|Any CPU.Build.0 = Debug|Any CPU
		{71F185B5-3F2A-4373-82BB-516BA3ADD890}.Release|Any CPU.ActiveCfg = Release|Any CPU
		{71F185B5-3F2A-4373-82BB-516BA3ADD890}.Release|Any CPU.Build.0 = Release|Any CPU
		{1746E88A-C1E3-4611-8BEB-010C1595FF29}.Debug|Any CPU.ActiveCfg = Debug|Any CPU
		{1746E88A-C1E3-4611-8BEB-010C1595FF29}.Debug|Any CPU.Build.0 = Debug|Any CPU
		{1746E88A-C1E3-4611-8BEB-010C1595FF29}.Release|Any CPU.ActiveCfg = Release|Any CPU
		{1746E88A-C1E3-4611-8BEB-010C1595FF29}.Release|Any CPU.Build.0 = Release|Any CPU
		{98DBF0B7-3934-4E5F-B83F-575F3CECB225}.Debug|Any CPU.ActiveCfg = Debug|Any CPU
		{98DBF0B7-3934-4E5F-B83F-575F3CECB225}.Debug|Any CPU.Build.0 = Debug|Any CPU
		{98DBF0B7-3934-4E5F-B83F-575F3CECB225}.Release|Any CPU.ActiveCfg = Release|Any CPU
		{98DBF0B7-3934-4E5F-B83F-575F3CECB225}.Release|Any CPU.Build.0 = Release|Any CPU
		{0E503A48-C93F-4F45-92E2-48FCCED9C274}.Debug|Any CPU.ActiveCfg = Debug|Any CPU
		{0E503A48-C93F-4F45-92E2-48FCCED9C274}.Debug|Any CPU.Build.0 = Debug|Any CPU
		{0E503A48-C93F-4F45-92E2-48FCCED9C274}.Release|Any CPU.ActiveCfg = Release|Any CPU
		{0E503A48-C93F-4F45-92E2-48FCCED9C274}.Release|Any CPU.Build.0 = Release|Any CPU
		{B21DC3EE-2B22-4546-920B-9D440D0161E1}.Debug|Any CPU.ActiveCfg = Debug|Any CPU
		{B21DC3EE-2B22-4546-920B-9D440D0161E1}.Debug|Any CPU.Build.0 = Debug|Any CPU
		{B21DC3EE-2B22-4546-920B-9D440D0161E1}.Release|Any CPU.ActiveCfg = Release|Any CPU
		{B21DC3EE-2B22-4546-920B-9D440D0161E1}.Release|Any CPU.Build.0 = Release|Any CPU
		{CEFA6C5F-07D8-4988-9137-8166AAE8A59A}.Debug|Any CPU.ActiveCfg = Debug|Any CPU
		{CEFA6C5F-07D8-4988-9137-8166AAE8A59A}.Debug|Any CPU.Build.0 = Debug|Any CPU
		{CEFA6C5F-07D8-4988-9137-8166AAE8A59A}.Release|Any CPU.ActiveCfg = Release|Any CPU
		{CEFA6C5F-07D8-4988-9137-8166AAE8A59A}.Release|Any CPU.Build.0 = Release|Any CPU
		{E14F3076-7E19-4FAE-9B8B-6B07C970F011}.Debug|Any CPU.ActiveCfg = Debug|Any CPU
		{E14F3076-7E19-4FAE-9B8B-6B07C970F011}.Debug|Any CPU.Build.0 = Debug|Any CPU
		{E14F3076-7E19-4FAE-9B8B-6B07C970F011}.Release|Any CPU.ActiveCfg = Release|Any CPU
		{E14F3076-7E19-4FAE-9B8B-6B07C970F011}.Release|Any CPU.Build.0 = Release|Any CPU
		{DCA593F6-ADDF-4C32-BB51-F570995BAD50}.Debug|Any CPU.ActiveCfg = Debug|Any CPU
		{DCA593F6-ADDF-4C32-BB51-F570995BAD50}.Debug|Any CPU.Build.0 = Debug|Any CPU
		{DCA593F6-ADDF-4C32-BB51-F570995BAD50}.Release|Any CPU.ActiveCfg = Release|Any CPU
		{DCA593F6-ADDF-4C32-BB51-F570995BAD50}.Release|Any CPU.Build.0 = Release|Any CPU
		{49ADD5D0-9939-4928-983E-34FC4442496C}.Debug|Any CPU.ActiveCfg = Debug|Any CPU
		{49ADD5D0-9939-4928-983E-34FC4442496C}.Debug|Any CPU.Build.0 = Debug|Any CPU
		{49ADD5D0-9939-4928-983E-34FC4442496C}.Release|Any CPU.ActiveCfg = Release|Any CPU
		{49ADD5D0-9939-4928-983E-34FC4442496C}.Release|Any CPU.Build.0 = Release|Any CPU
		{E928ADB3-3B73-4EBA-8FC6-92398BEC69F1}.Debug|Any CPU.ActiveCfg = Debug|Any CPU
		{E928ADB3-3B73-4EBA-8FC6-92398BEC69F1}.Debug|Any CPU.Build.0 = Debug|Any CPU
		{E928ADB3-3B73-4EBA-8FC6-92398BEC69F1}.Release|Any CPU.ActiveCfg = Release|Any CPU
		{E928ADB3-3B73-4EBA-8FC6-92398BEC69F1}.Release|Any CPU.Build.0 = Release|Any CPU
		{5B9821AC-2704-430F-BB84-056FAFAB1694}.Debug|Any CPU.ActiveCfg = Debug|Any CPU
		{5B9821AC-2704-430F-BB84-056FAFAB1694}.Debug|Any CPU.Build.0 = Debug|Any CPU
		{5B9821AC-2704-430F-BB84-056FAFAB1694}.Release|Any CPU.ActiveCfg = Release|Any CPU
		{5B9821AC-2704-430F-BB84-056FAFAB1694}.Release|Any CPU.Build.0 = Release|Any CPU
		{47837C20-7CAD-4FDA-9F66-C0F42B296E58}.Debug|Any CPU.ActiveCfg = Debug|Any CPU
		{47837C20-7CAD-4FDA-9F66-C0F42B296E58}.Debug|Any CPU.Build.0 = Debug|Any CPU
		{47837C20-7CAD-4FDA-9F66-C0F42B296E58}.Release|Any CPU.ActiveCfg = Release|Any CPU
		{47837C20-7CAD-4FDA-9F66-C0F42B296E58}.Release|Any CPU.Build.0 = Release|Any CPU
		{B2001FDB-C314-462C-A467-929B01D59BCD}.Debug|Any CPU.ActiveCfg = Debug|Any CPU
		{B2001FDB-C314-462C-A467-929B01D59BCD}.Debug|Any CPU.Build.0 = Debug|Any CPU
		{B2001FDB-C314-462C-A467-929B01D59BCD}.Release|Any CPU.ActiveCfg = Release|Any CPU
		{B2001FDB-C314-462C-A467-929B01D59BCD}.Release|Any CPU.Build.0 = Release|Any CPU
	EndGlobalSection
EndGlobal
